%% THIS FILE IS GENERATED. DO NOT EDIT IT MANUALLY %%

{require_otp_vsn,"R13B04|R14|R15|R16"}.
{cover_enabled,true}.
{edoc_opts,[{preprocess,true}]}.
{erl_opts,[{src_dirs,[src,intercepts,perf]},
           warnings_as_errors,
           {parse_transform,lager_transform}]}.
{erl_first_files,["src/rt_intercept_pt.erl"]}.
{eunit_opts,[verbose]}.
{deps,[{getopt,".*",
               {git,"https://github.com/basho/getopt",
                    "69b51ebf337f41906045a606a151d9578751e1ff"}},
       {kvc,".*",
            {git,"https://github.com/basho/kvc",
                 "5565fe51857747662410cc3c06362ebcf48a2f04"}},
       {goldrush,".*",
                 {git,"https://github.com/basho/goldrush.git",
                      "8f1b715d36b650ec1e1f5612c00e28af6ab0de82"}},
       {lager,".*",
              {git,"https://github.com/basho/lager",
                   "81eaef0ce98fdbf64ab95665e3bc2ec4b24c7dac"}},
       {druuid,".*",
               {git,"https://github.com/basho/druuid.git",
                    "b3c5c2a52bb3f510d168b32e64f6fbc6a3c6a0e6"}},
       {mapred_verify,".*",
                      {git,"https://github.com/basho/mapred_verify",
                           "51b79c5b05eb04640e13131f06ef96561b96ba8e"}},
       {meck,".*",
             {git,"https://github.com/basho/meck.git",
                  "dde759050eff19a1a80fd854d7375174b191665d"}},
       {rebar_lock_deps_plugin,".*",
                               {git,"https://github.com/basho/rebar_lock_deps_plugin.git",
                                    "8816f45ff38cd04d5c7741bd39166af58116dd44"}},
       {hamcrest,".*",
                 {git,"https://github.com/basho/hamcrest-erlang.git",
                      "98bc7aa19ea081478c816824aa05fc5a48acae66"}},
       {riak_pb,".*",
                {git,"https://github.com/basho/riak_pb",
                     "6c67dc58251e1a1c29b2e0c444b1e9c9aa2d4a24"}},
       {riakc,".*",
              {git,"https://github.com/basho/riak-erlang-client",
                   "82ae32bd28090ab911b5c25d2be690c7d2a3e027"}},
       {s3_api_tests,".*",
                     {git,"git@github.com:basho/s3-api-tests.git",
                          "ae6d2f1a12e5d78558ec053052da5c01772e0301"},
                     [raw]},
       {ibrowse,".*",
                {git,"https://github.com/basho/ibrowse.git",
                     "b28542d1e326ba44bcfaf7fd6d3c7f8761d20f08"}},
       {mochiweb,".*",
                 {git,"git://github.com/basho/mochiweb.git",
                      "4d3882181d0e0e507a05115782a2b091a1db2be4"}},
       {webmachine,".*",
                   {git,"https://github.com/basho/webmachine",
                        "77789b7cbb01cac4c7936578acc55245570d5afe"}},
       {riakhttpc,".*",
                  {git,"https://github.com/basho/riak-erlang-http-client",
                       "2d4e58371e4d982bee1e0ad804b1403b1333573c"}}]}.
{escript_incl_apps,[goldrush,lager,getopt,riakhttpc,riakc,ibrowse,mochiweb,
                    kvc]}.
{escript_emu_args,"%%! -escript main riak_test_escript +K true +P 10000 -env ERL_MAX_PORTS 10000\n"}.
{plugin_dir,"src"}.
{plugins,[rebar_riak_test_plugin,rebar_lock_deps_plugin]}.
{riak_test,[{test_paths,["tests","perf"]},{test_output,"ebin"}]}.

